// !$*UTF8*$!
{
	archiveVersion = 1;
	classes = {
	};
	objectVersion = 46;
	objects = {

/* Begin PBXBuildFile section */
		7BA8CEA10F27AE30BD4E40CB /* libPods.a in Frameworks */ = {isa = PBXBuildFile; fileRef = 4426FD11AA4B7261C55CA34E /* libPods.a */; };
		B230C5C11C50832F00D7D028 /* StockActionTableViewCell.m in Sources */ = {isa = PBXBuildFile; fileRef = B230C5C01C50832F00D7D028 /* StockActionTableViewCell.m */; };
		B230C5C71C50D3B500D7D028 /* FaceImageViewController.m in Sources */ = {isa = PBXBuildFile; fileRef = B230C5C61C50D3B500D7D028 /* FaceImageViewController.m */; };
		B2C943DE1C38C60A00D06B61 /* main.m in Sources */ = {isa = PBXBuildFile; fileRef = B2C943DD1C38C60A00D06B61 /* main.m */; };
		B2C943E11C38C60A00D06B61 /* AppDelegate.m in Sources */ = {isa = PBXBuildFile; fileRef = B2C943E01C38C60A00D06B61 /* AppDelegate.m */; };
		B2C943E71C38C60A00D06B61 /* Main.storyboard in Resources */ = {isa = PBXBuildFile; fileRef = B2C943E51C38C60A00D06B61 /* Main.storyboard */; };
		B2C943EA1C38C60A00D06B61 /* stockFront.xcdatamodeld in Sources */ = {isa = PBXBuildFile; fileRef = B2C943E81C38C60A00D06B61 /* stockFront.xcdatamodeld */; };
		B2C943EC1C38C60A00D06B61 /* Assets.xcassets in Resources */ = {isa = PBXBuildFile; fileRef = B2C943EB1C38C60A00D06B61 /* Assets.xcassets */; };
		B2C943EF1C38C60A00D06B61 /* LaunchScreen.storyboard in Resources */ = {isa = PBXBuildFile; fileRef = B2C943ED1C38C60A00D06B61 /* LaunchScreen.storyboard */; };
		B2C943FA1C38C60A00D06B61 /* stockFrontTests.m in Sources */ = {isa = PBXBuildFile; fileRef = B2C943F91C38C60A00D06B61 /* stockFrontTests.m */; };
		B2C944051C38C60A00D06B61 /* stockFrontUITests.m in Sources */ = {isa = PBXBuildFile; fileRef = B2C944041C38C60A00D06B61 /* stockFrontUITests.m */; };
		B2C944191C3924CC00D06B61 /* startViewCtrl.m in Sources */ = {isa = PBXBuildFile; fileRef = B2C944181C3924CC00D06B61 /* startViewCtrl.m */; };
		B2C9441B1C39294800D06B61 /* InfoPlist.strings in Resources */ = {isa = PBXBuildFile; fileRef = B2C9441A1C39294800D06B61 /* InfoPlist.strings */; };
		B2C9441E1C39344D00D06B61 /* loginViewCtrl.m in Sources */ = {isa = PBXBuildFile; fileRef = B2C9441D1C39344D00D06B61 /* loginViewCtrl.m */; };
		B2C944251C3947A900D06B61 /* RegisterCellViewTableViewCell.m in Sources */ = {isa = PBXBuildFile; fileRef = B2C944241C3947A900D06B61 /* RegisterCellViewTableViewCell.m */; };
		B2C944281C39492100D06B61 /* cellphone64px.png in Resources */ = {isa = PBXBuildFile; fileRef = B2C944261C39492100D06B61 /* cellphone64px.png */; };
		B2C944291C39492100D06B61 /* password64px.png in Resources */ = {isa = PBXBuildFile; fileRef = B2C944271C39492100D06B61 /* password64px.png */; };
		B2C9442C1C395BAB00D06B61 /* RegisterNickNameViewController.m in Sources */ = {isa = PBXBuildFile; fileRef = B2C9442B1C395BAB00D06B61 /* RegisterNickNameViewController.m */; };
		B2C9442F1C395C2000D06B61 /* UserInfoModel.m in Sources */ = {isa = PBXBuildFile; fileRef = B2C9442E1C395C2000D06B61 /* UserInfoModel.m */; };
		B2C944311C395D0D00D06B61 /* nickname64px.png in Resources */ = {isa = PBXBuildFile; fileRef = B2C944301C395D0D00D06B61 /* nickname64px.png */; };
		B2C944341C3A565E00D06B61 /* NetworkAPI.m in Sources */ = {isa = PBXBuildFile; fileRef = B2C944331C3A565E00D06B61 /* NetworkAPI.m */; };
		B2C944371C3A5F3400D06B61 /* Tools.m in Sources */ = {isa = PBXBuildFile; fileRef = B2C944361C3A5F3400D06B61 /* Tools.m */; };
		B2C9443C1C3A9E7500D06B61 /* config.geojson in Resources */ = {isa = PBXBuildFile; fileRef = B2C944391C3A9E7500D06B61 /* config.geojson */; };
		B2C9443D1C3A9E7500D06B61 /* ConfigAccess.m in Sources */ = {isa = PBXBuildFile; fileRef = B2C9443B1C3A9E7500D06B61 /* ConfigAccess.m */; };
		B2C944401C3AAAA000D06B61 /* RegisterPhoneNumViewController.m in Sources */ = {isa = PBXBuildFile; fileRef = B2C9443F1C3AAAA000D06B61 /* RegisterPhoneNumViewController.m */; };
		B2C944431C3AB74C00D06B61 /* RegisterConfirmViewController.m in Sources */ = {isa = PBXBuildFile; fileRef = B2C944421C3AB74C00D06B61 /* RegisterConfirmViewController.m */; };
		B2C944451C3AC2A700D06B61 /* earth64px.png in Resources */ = {isa = PBXBuildFile; fileRef = B2C944441C3AC2A700D06B61 /* earth64px.png */; };
		B2C944481C3B67E400D06B61 /* TabBarViewController.m in Sources */ = {isa = PBXBuildFile; fileRef = B2C944471C3B67E400D06B61 /* TabBarViewController.m */; };
		B2C9444B1C3B69C300D06B61 /* ComTableViewCtrl.m in Sources */ = {isa = PBXBuildFile; fileRef = B2C9444A1C3B69C300D06B61 /* ComTableViewCtrl.m */; };
		B2C9444E1C3B6A6F00D06B61 /* FollowAction.m in Sources */ = {isa = PBXBuildFile; fileRef = B2C9444D1C3B6A6F00D06B61 /* FollowAction.m */; };
		B2C944511C3B6B9000D06B61 /* RankAction.m in Sources */ = {isa = PBXBuildFile; fileRef = B2C944501C3B6B9000D06B61 /* RankAction.m */; };
		B2C944541C3B6BC200D06B61 /* stockAction.m in Sources */ = {isa = PBXBuildFile; fileRef = B2C944531C3B6BC200D06B61 /* stockAction.m */; };
		B2C9445A1C3B6C6E00D06B61 /* SettingCtrl.m in Sources */ = {isa = PBXBuildFile; fileRef = B2C944591C3B6C6E00D06B61 /* SettingCtrl.m */; };
		B2C944621C4379D500D06B61 /* StockSearchTableViewCtrl.m in Sources */ = {isa = PBXBuildFile; fileRef = B2C944611C4379D500D06B61 /* StockSearchTableViewCtrl.m */; };
		B2C944651C4542E700D06B61 /* StockInfoModel.m in Sources */ = {isa = PBXBuildFile; fileRef = B2C944641C4542E700D06B61 /* StockInfoModel.m */; };
		B2C944681C462A5500D06B61 /* Model.xcdatamodeld in Sources */ = {isa = PBXBuildFile; fileRef = B2C944661C462A5500D06B61 /* Model.xcdatamodeld */; };
		B2C944741C462B9400D06B61 /* MyStock+CoreDataProperties.m in Sources */ = {isa = PBXBuildFile; fileRef = B2C944711C462B9400D06B61 /* MyStock+CoreDataProperties.m */; };
		B2C944751C462B9400D06B61 /* MyStock.m in Sources */ = {isa = PBXBuildFile; fileRef = B2C944731C462B9400D06B61 /* MyStock.m */; };
		B2C944781C462C3D00D06B61 /* LocDatabase.m in Sources */ = {isa = PBXBuildFile; fileRef = B2C944771C462C3D00D06B61 /* LocDatabase.m */; };
		B2C9447D1C47A07A00D06B61 /* LookStock+CoreDataProperties.m in Sources */ = {isa = PBXBuildFile; fileRef = B2C9447A1C47A07A00D06B61 /* LookStock+CoreDataProperties.m */; };
		B2C9447E1C47A07A00D06B61 /* LookStock.m in Sources */ = {isa = PBXBuildFile; fileRef = B2C9447C1C47A07A00D06B61 /* LookStock.m */; };
		B2C944811C48D1E600D06B61 /* StockLookInfoModel.m in Sources */ = {isa = PBXBuildFile; fileRef = B2C944801C48D1E500D06B61 /* StockLookInfoModel.m */; };
		B2C944841C48DCAE00D06B61 /* FaceCellViewTableViewCell.m in Sources */ = {isa = PBXBuildFile; fileRef = B2C944831C48DCAD00D06B61 /* FaceCellViewTableViewCell.m */; };
		B2C944861C48F31200D06B61 /* man-noname.png in Resources */ = {isa = PBXBuildFile; fileRef = B2C944851C48F31200D06B61 /* man-noname.png */; };
/* End PBXBuildFile section */

/* Begin PBXContainerItemProxy section */
		B2C943F61C38C60A00D06B61 /* PBXContainerItemProxy */ = {
			isa = PBXContainerItemProxy;
			containerPortal = B2C943D11C38C60900D06B61 /* Project object */;
			proxyType = 1;
			remoteGlobalIDString = B2C943D81C38C60900D06B61;
			remoteInfo = stockFront;
		};
		B2C944011C38C60A00D06B61 /* PBXContainerItemProxy */ = {
			isa = PBXContainerItemProxy;
			containerPortal = B2C943D11C38C60900D06B61 /* Project object */;
			proxyType = 1;
			remoteGlobalIDString = B2C943D81C38C60900D06B61;
			remoteInfo = stockFront;
		};
/* End PBXContainerItemProxy section */

/* Begin PBXFileReference section */
		30A7EB2A82030C6A51FE207F /* Pods.release.xcconfig */ = {isa = PBXFileReference; includeInIndex = 1; lastKnownFileType = text.xcconfig; name = Pods.release.xcconfig; path = "Pods/Target Support Files/Pods/Pods.release.xcconfig"; sourceTree = "<group>"; };
		4426FD11AA4B7261C55CA34E /* libPods.a */ = {isa = PBXFileReference; explicitFileType = archive.ar; includeInIndex = 0; path = libPods.a; sourceTree = BUILT_PRODUCTS_DIR; };
		940EDF59D7445434D26F86C4 /* Pods.debug.xcconfig */ = {isa = PBXFileReference; includeInIndex = 1; lastKnownFileType = text.xcconfig; name = Pods.debug.xcconfig; path = "Pods/Target Support Files/Pods/Pods.debug.xcconfig"; sourceTree = "<group>"; };
		B230C5BF1C50832F00D7D028 /* StockActionTableViewCell.h */ = {isa = PBXFileReference; fileEncoding = 4; lastKnownFileType = sourcecode.c.h; path = StockActionTableViewCell.h; sourceTree = "<group>"; };
		B230C5C01C50832F00D7D028 /* StockActionTableViewCell.m */ = {isa = PBXFileReference; fileEncoding = 4; lastKnownFileType = sourcecode.c.objc; path = StockActionTableViewCell.m; sourceTree = "<group>"; };
		B230C5C51C50D3B500D7D028 /* FaceImageViewController.h */ = {isa = PBXFileReference; fileEncoding = 4; lastKnownFileType = sourcecode.c.h; path = FaceImageViewController.h; sourceTree = "<group>"; };
		B230C5C61C50D3B500D7D028 /* FaceImageViewController.m */ = {isa = PBXFileReference; fileEncoding = 4; lastKnownFileType = sourcecode.c.objc; path = FaceImageViewController.m; sourceTree = "<group>"; };
		B2C943D91C38C60A00D06B61 /* stockFront.app */ = {isa = PBXFileReference; explicitFileType = wrapper.application; includeInIndex = 0; path = stockFront.app; sourceTree = BUILT_PRODUCTS_DIR; };
		B2C943DD1C38C60A00D06B61 /* main.m */ = {isa = PBXFileReference; lastKnownFileType = sourcecode.c.objc; path = main.m; sourceTree = "<group>"; };
		B2C943DF1C38C60A00D06B61 /* AppDelegate.h */ = {isa = PBXFileReference; lastKnownFileType = sourcecode.c.h; path = AppDelegate.h; sourceTree = "<group>"; };
		B2C943E01C38C60A00D06B61 /* AppDelegate.m */ = {isa = PBXFileReference; lastKnownFileType = sourcecode.c.objc; path = AppDelegate.m; sourceTree = "<group>"; };
		B2C943E61C38C60A00D06B61 /* Base */ = {isa = PBXFileReference; lastKnownFileType = file.storyboard; name = Base; path = Base.lproj/Main.storyboard; sourceTree = "<group>"; };
		B2C943E91C38C60A00D06B61 /* stockFront.xcdatamodel */ = {isa = PBXFileReference; lastKnownFileType = wrapper.xcdatamodel; path = stockFront.xcdatamodel; sourceTree = "<group>"; };
		B2C943EB1C38C60A00D06B61 /* Assets.xcassets */ = {isa = PBXFileReference; lastKnownFileType = folder.assetcatalog; path = Assets.xcassets; sourceTree = "<group>"; };
		B2C943EE1C38C60A00D06B61 /* Base */ = {isa = PBXFileReference; lastKnownFileType = file.storyboard; name = Base; path = Base.lproj/LaunchScreen.storyboard; sourceTree = "<group>"; };
		B2C943F01C38C60A00D06B61 /* Info.plist */ = {isa = PBXFileReference; lastKnownFileType = text.plist.xml; path = Info.plist; sourceTree = "<group>"; };
		B2C943F51C38C60A00D06B61 /* stockFrontTests.xctest */ = {isa = PBXFileReference; explicitFileType = wrapper.cfbundle; includeInIndex = 0; path = stockFrontTests.xctest; sourceTree = BUILT_PRODUCTS_DIR; };
		B2C943F91C38C60A00D06B61 /* stockFrontTests.m */ = {isa = PBXFileReference; lastKnownFileType = sourcecode.c.objc; path = stockFrontTests.m; sourceTree = "<group>"; };
		B2C943FB1C38C60A00D06B61 /* Info.plist */ = {isa = PBXFileReference; lastKnownFileType = text.plist.xml; path = Info.plist; sourceTree = "<group>"; };
		B2C944001C38C60A00D06B61 /* stockFrontUITests.xctest */ = {isa = PBXFileReference; explicitFileType = wrapper.cfbundle; includeInIndex = 0; path = stockFrontUITests.xctest; sourceTree = BUILT_PRODUCTS_DIR; };
		B2C944041C38C60A00D06B61 /* stockFrontUITests.m */ = {isa = PBXFileReference; lastKnownFileType = sourcecode.c.objc; path = stockFrontUITests.m; sourceTree = "<group>"; };
		B2C944061C38C60A00D06B61 /* Info.plist */ = {isa = PBXFileReference; lastKnownFileType = text.plist.xml; path = Info.plist; sourceTree = "<group>"; };
		B2C944161C39243E00D06B61 /* macro.h */ = {isa = PBXFileReference; lastKnownFileType = sourcecode.c.h; path = macro.h; sourceTree = "<group>"; };
		B2C944171C3924CC00D06B61 /* startViewCtrl.h */ = {isa = PBXFileReference; fileEncoding = 4; lastKnownFileType = sourcecode.c.h; path = startViewCtrl.h; sourceTree = "<group>"; };
		B2C944181C3924CC00D06B61 /* startViewCtrl.m */ = {isa = PBXFileReference; fileEncoding = 4; lastKnownFileType = sourcecode.c.objc; path = startViewCtrl.m; sourceTree = "<group>"; };
		B2C9441A1C39294800D06B61 /* InfoPlist.strings */ = {isa = PBXFileReference; fileEncoding = 4; lastKnownFileType = text.plist.strings; path = InfoPlist.strings; sourceTree = "<group>"; };
		B2C9441C1C39344D00D06B61 /* loginViewCtrl.h */ = {isa = PBXFileReference; fileEncoding = 4; lastKnownFileType = sourcecode.c.h; path = loginViewCtrl.h; sourceTree = "<group>"; };
		B2C9441D1C39344D00D06B61 /* loginViewCtrl.m */ = {isa = PBXFileReference; fileEncoding = 4; lastKnownFileType = sourcecode.c.objc; path = loginViewCtrl.m; sourceTree = "<group>"; };
		B2C944231C3947A900D06B61 /* RegisterCellViewTableViewCell.h */ = {isa = PBXFileReference; fileEncoding = 4; lastKnownFileType = sourcecode.c.h; path = RegisterCellViewTableViewCell.h; sourceTree = "<group>"; };
		B2C944241C3947A900D06B61 /* RegisterCellViewTableViewCell.m */ = {isa = PBXFileReference; fileEncoding = 4; lastKnownFileType = sourcecode.c.objc; path = RegisterCellViewTableViewCell.m; sourceTree = "<group>"; };
		B2C944261C39492100D06B61 /* cellphone64px.png */ = {isa = PBXFileReference; lastKnownFileType = image.png; path = cellphone64px.png; sourceTree = "<group>"; };
		B2C944271C39492100D06B61 /* password64px.png */ = {isa = PBXFileReference; lastKnownFileType = image.png; path = password64px.png; sourceTree = "<group>"; };
		B2C9442A1C395BAB00D06B61 /* RegisterNickNameViewController.h */ = {isa = PBXFileReference; fileEncoding = 4; lastKnownFileType = sourcecode.c.h; path = RegisterNickNameViewController.h; sourceTree = "<group>"; };
		B2C9442B1C395BAB00D06B61 /* RegisterNickNameViewController.m */ = {isa = PBXFileReference; fileEncoding = 4; lastKnownFileType = sourcecode.c.objc; path = RegisterNickNameViewController.m; sourceTree = "<group>"; };
		B2C9442D1C395C2000D06B61 /* UserInfoModel.h */ = {isa = PBXFileReference; fileEncoding = 4; lastKnownFileType = sourcecode.c.h; path = UserInfoModel.h; sourceTree = "<group>"; };
		B2C9442E1C395C2000D06B61 /* UserInfoModel.m */ = {isa = PBXFileReference; fileEncoding = 4; lastKnownFileType = sourcecode.c.objc; path = UserInfoModel.m; sourceTree = "<group>"; };
		B2C944301C395D0D00D06B61 /* nickname64px.png */ = {isa = PBXFileReference; lastKnownFileType = image.png; path = nickname64px.png; sourceTree = "<group>"; };
		B2C944321C3A565E00D06B61 /* NetworkAPI.h */ = {isa = PBXFileReference; fileEncoding = 4; lastKnownFileType = sourcecode.c.h; path = NetworkAPI.h; sourceTree = "<group>"; };
		B2C944331C3A565E00D06B61 /* NetworkAPI.m */ = {isa = PBXFileReference; fileEncoding = 4; lastKnownFileType = sourcecode.c.objc; path = NetworkAPI.m; sourceTree = "<group>"; };
		B2C944351C3A5F3400D06B61 /* Tools.h */ = {isa = PBXFileReference; fileEncoding = 4; lastKnownFileType = sourcecode.c.h; path = Tools.h; sourceTree = "<group>"; };
		B2C944361C3A5F3400D06B61 /* Tools.m */ = {isa = PBXFileReference; fileEncoding = 4; lastKnownFileType = sourcecode.c.objc; path = Tools.m; sourceTree = "<group>"; };
		B2C944381C3A6CEA00D06B61 /* returnCode.h */ = {isa = PBXFileReference; lastKnownFileType = sourcecode.c.h; path = returnCode.h; sourceTree = "<group>"; };
		B2C944391C3A9E7500D06B61 /* config.geojson */ = {isa = PBXFileReference; fileEncoding = 4; lastKnownFileType = text; path = config.geojson; sourceTree = "<group>"; };
		B2C9443A1C3A9E7500D06B61 /* ConfigAccess.h */ = {isa = PBXFileReference; fileEncoding = 4; lastKnownFileType = sourcecode.c.h; path = ConfigAccess.h; sourceTree = "<group>"; };
		B2C9443B1C3A9E7500D06B61 /* ConfigAccess.m */ = {isa = PBXFileReference; fileEncoding = 4; lastKnownFileType = sourcecode.c.objc; path = ConfigAccess.m; sourceTree = "<group>"; };
		B2C9443E1C3AAAA000D06B61 /* RegisterPhoneNumViewController.h */ = {isa = PBXFileReference; fileEncoding = 4; lastKnownFileType = sourcecode.c.h; path = RegisterPhoneNumViewController.h; sourceTree = "<group>"; };
		B2C9443F1C3AAAA000D06B61 /* RegisterPhoneNumViewController.m */ = {isa = PBXFileReference; fileEncoding = 4; lastKnownFileType = sourcecode.c.objc; path = RegisterPhoneNumViewController.m; sourceTree = "<group>"; };
		B2C944411C3AB74C00D06B61 /* RegisterConfirmViewController.h */ = {isa = PBXFileReference; fileEncoding = 4; lastKnownFileType = sourcecode.c.h; path = RegisterConfirmViewController.h; sourceTree = "<group>"; };
		B2C944421C3AB74C00D06B61 /* RegisterConfirmViewController.m */ = {isa = PBXFileReference; fileEncoding = 4; lastKnownFileType = sourcecode.c.objc; path = RegisterConfirmViewController.m; sourceTree = "<group>"; };
		B2C944441C3AC2A700D06B61 /* earth64px.png */ = {isa = PBXFileReference; lastKnownFileType = image.png; path = earth64px.png; sourceTree = "<group>"; };
		B2C944461C3B67E400D06B61 /* TabBarViewController.h */ = {isa = PBXFileReference; fileEncoding = 4; lastKnownFileType = sourcecode.c.h; path = TabBarViewController.h; sourceTree = "<group>"; };
		B2C944471C3B67E400D06B61 /* TabBarViewController.m */ = {isa = PBXFileReference; fileEncoding = 4; lastKnownFileType = sourcecode.c.objc; path = TabBarViewController.m; sourceTree = "<group>"; };
		B2C944491C3B69C300D06B61 /* ComTableViewCtrl.h */ = {isa = PBXFileReference; fileEncoding = 4; lastKnownFileType = sourcecode.c.h; path = ComTableViewCtrl.h; sourceTree = "<group>"; };
		B2C9444A1C3B69C300D06B61 /* ComTableViewCtrl.m */ = {isa = PBXFileReference; fileEncoding = 4; lastKnownFileType = sourcecode.c.objc; path = ComTableViewCtrl.m; sourceTree = "<group>"; };
		B2C9444C1C3B6A6F00D06B61 /* FollowAction.h */ = {isa = PBXFileReference; fileEncoding = 4; lastKnownFileType = sourcecode.c.h; path = FollowAction.h; sourceTree = "<group>"; };
		B2C9444D1C3B6A6F00D06B61 /* FollowAction.m */ = {isa = PBXFileReference; fileEncoding = 4; lastKnownFileType = sourcecode.c.objc; path = FollowAction.m; sourceTree = "<group>"; };
		B2C9444F1C3B6B9000D06B61 /* RankAction.h */ = {isa = PBXFileReference; fileEncoding = 4; lastKnownFileType = sourcecode.c.h; path = RankAction.h; sourceTree = "<group>"; };
		B2C944501C3B6B9000D06B61 /* RankAction.m */ = {isa = PBXFileReference; fileEncoding = 4; lastKnownFileType = sourcecode.c.objc; path = RankAction.m; sourceTree = "<group>"; };
		B2C944521C3B6BC200D06B61 /* stockAction.h */ = {isa = PBXFileReference; fileEncoding = 4; lastKnownFileType = sourcecode.c.h; path = stockAction.h; sourceTree = "<group>"; };
		B2C944531C3B6BC200D06B61 /* stockAction.m */ = {isa = PBXFileReference; fileEncoding = 4; lastKnownFileType = sourcecode.c.objc; path = stockAction.m; sourceTree = "<group>"; };
		B2C944581C3B6C6E00D06B61 /* SettingCtrl.h */ = {isa = PBXFileReference; fileEncoding = 4; lastKnownFileType = sourcecode.c.h; path = SettingCtrl.h; sourceTree = "<group>"; };
		B2C944591C3B6C6E00D06B61 /* SettingCtrl.m */ = {isa = PBXFileReference; fileEncoding = 4; lastKnownFileType = sourcecode.c.objc; path = SettingCtrl.m; sourceTree = "<group>"; };
		B2C944601C4379D500D06B61 /* StockSearchTableViewCtrl.h */ = {isa = PBXFileReference; fileEncoding = 4; lastKnownFileType = sourcecode.c.h; path = StockSearchTableViewCtrl.h; sourceTree = "<group>"; };
		B2C944611C4379D500D06B61 /* StockSearchTableViewCtrl.m */ = {isa = PBXFileReference; fileEncoding = 4; lastKnownFileType = sourcecode.c.objc; path = StockSearchTableViewCtrl.m; sourceTree = "<group>"; };
		B2C944631C4542E700D06B61 /* StockInfoModel.h */ = {isa = PBXFileReference; fileEncoding = 4; lastKnownFileType = sourcecode.c.h; path = StockInfoModel.h; sourceTree = "<group>"; };
		B2C944641C4542E700D06B61 /* StockInfoModel.m */ = {isa = PBXFileReference; fileEncoding = 4; lastKnownFileType = sourcecode.c.objc; path = StockInfoModel.m; sourceTree = "<group>"; };
		B2C944671C462A5500D06B61 /* Model.xcdatamodel */ = {isa = PBXFileReference; lastKnownFileType = wrapper.xcdatamodel; path = Model.xcdatamodel; sourceTree = "<group>"; };
		B2C944701C462B9400D06B61 /* MyStock+CoreDataProperties.h */ = {isa = PBXFileReference; fileEncoding = 4; lastKnownFileType = sourcecode.c.h; path = "MyStock+CoreDataProperties.h"; sourceTree = "<group>"; };
		B2C944711C462B9400D06B61 /* MyStock+CoreDataProperties.m */ = {isa = PBXFileReference; fileEncoding = 4; lastKnownFileType = sourcecode.c.objc; path = "MyStock+CoreDataProperties.m"; sourceTree = "<group>"; };
		B2C944721C462B9400D06B61 /* MyStock.h */ = {isa = PBXFileReference; fileEncoding = 4; lastKnownFileType = sourcecode.c.h; path = MyStock.h; sourceTree = "<group>"; };
		B2C944731C462B9400D06B61 /* MyStock.m */ = {isa = PBXFileReference; fileEncoding = 4; lastKnownFileType = sourcecode.c.objc; path = MyStock.m; sourceTree = "<group>"; };
		B2C944761C462C3D00D06B61 /* LocDatabase.h */ = {isa = PBXFileReference; fileEncoding = 4; lastKnownFileType = sourcecode.c.h; path = LocDatabase.h; sourceTree = "<group>"; };
		B2C944771C462C3D00D06B61 /* LocDatabase.m */ = {isa = PBXFileReference; fileEncoding = 4; lastKnownFileType = sourcecode.c.objc; path = LocDatabase.m; sourceTree = "<group>"; };
		B2C944791C47A07A00D06B61 /* LookStock+CoreDataProperties.h */ = {isa = PBXFileReference; fileEncoding = 4; lastKnownFileType = sourcecode.c.h; path = "LookStock+CoreDataProperties.h"; sourceTree = "<group>"; };
		B2C9447A1C47A07A00D06B61 /* LookStock+CoreDataProperties.m */ = {isa = PBXFileReference; fileEncoding = 4; lastKnownFileType = sourcecode.c.objc; path = "LookStock+CoreDataProperties.m"; sourceTree = "<group>"; };
		B2C9447B1C47A07A00D06B61 /* LookStock.h */ = {isa = PBXFileReference; fileEncoding = 4; lastKnownFileType = sourcecode.c.h; path = LookStock.h; sourceTree = "<group>"; };
		B2C9447C1C47A07A00D06B61 /* LookStock.m */ = {isa = PBXFileReference; fileEncoding = 4; lastKnownFileType = sourcecode.c.objc; path = LookStock.m; sourceTree = "<group>"; };
		B2C9447F1C48D1E500D06B61 /* StockLookInfoModel.h */ = {isa = PBXFileReference; fileEncoding = 4; lastKnownFileType = sourcecode.c.h; path = StockLookInfoModel.h; sourceTree = "<group>"; };
		B2C944801C48D1E500D06B61 /* StockLookInfoModel.m */ = {isa = PBXFileReference; fileEncoding = 4; lastKnownFileType = sourcecode.c.objc; path = StockLookInfoModel.m; sourceTree = "<group>"; };
		B2C944821C48DCAD00D06B61 /* FaceCellViewTableViewCell.h */ = {isa = PBXFileReference; fileEncoding = 4; lastKnownFileType = sourcecode.c.h; path = FaceCellViewTableViewCell.h; sourceTree = "<group>"; };
		B2C944831C48DCAD00D06B61 /* FaceCellViewTableViewCell.m */ = {isa = PBXFileReference; fileEncoding = 4; lastKnownFileType = sourcecode.c.objc; path = FaceCellViewTableViewCell.m; sourceTree = "<group>"; };
		B2C944851C48F31200D06B61 /* man-noname.png */ = {isa = PBXFileReference; lastKnownFileType = image.png; path = "man-noname.png"; sourceTree = "<group>"; };
/* End PBXFileReference section */

/* Begin PBXFrameworksBuildPhase section */
		B2C943D61C38C60900D06B61 /* Frameworks */ = {
			isa = PBXFrameworksBuildPhase;
			buildActionMask = 2147483647;
			files = (
				7BA8CEA10F27AE30BD4E40CB /* libPods.a in Frameworks */,
			);
			runOnlyForDeploymentPostprocessing = 0;
		};
		B2C943F21C38C60A00D06B61 /* Frameworks */ = {
			isa = PBXFrameworksBuildPhase;
			buildActionMask = 2147483647;
			files = (
			);
			runOnlyForDeploymentPostprocessing = 0;
		};
		B2C943FD1C38C60A00D06B61 /* Frameworks */ = {
			isa = PBXFrameworksBuildPhase;
			buildActionMask = 2147483647;
			files = (
			);
			runOnlyForDeploymentPostprocessing = 0;
		};
/* End PBXFrameworksBuildPhase section */

/* Begin PBXGroup section */
		43A2C5CD57948D1E83BA2107 /* Frameworks */ = {
			isa = PBXGroup;
			children = (
				4426FD11AA4B7261C55CA34E /* libPods.a */,
			);
			name = Frameworks;
			sourceTree = "<group>";
		};
		4F16FF36380EEFF0D3D7463C /* Pods */ = {
			isa = PBXGroup;
			children = (
				940EDF59D7445434D26F86C4 /* Pods.debug.xcconfig */,
				30A7EB2A82030C6A51FE207F /* Pods.release.xcconfig */,
			);
			name = Pods;
			sourceTree = "<group>";
		};
		B2C943D01C38C60900D06B61 = {
			isa = PBXGroup;
			children = (
				B2C943DB1C38C60A00D06B61 /* stockFront */,
				B2C943F81C38C60A00D06B61 /* stockFrontTests */,
				B2C944031C38C60A00D06B61 /* stockFrontUITests */,
				B2C943DA1C38C60A00D06B61 /* Products */,
				4F16FF36380EEFF0D3D7463C /* Pods */,
				43A2C5CD57948D1E83BA2107 /* Frameworks */,
			);
			sourceTree = "<group>";
		};
		B2C943DA1C38C60A00D06B61 /* Products */ = {
			isa = PBXGroup;
			children = (
				B2C943D91C38C60A00D06B61 /* stockFront.app */,
				B2C943F51C38C60A00D06B61 /* stockFrontTests.xctest */,
				B2C944001C38C60A00D06B61 /* stockFrontUITests.xctest */,
			);
			name = Products;
			sourceTree = "<group>";
		};
		B2C943DB1C38C60A00D06B61 /* stockFront */ = {
			isa = PBXGroup;
			children = (
				B2C9446F1C462B7900D06B61 /* coreModel */,
				B2C944661C462A5500D06B61 /* Model.xcdatamodeld */,
				B2C944221C39411000D06B61 /* icon */,
				B2C944121C3923F800D06B61 /* utility */,
				B2C944131C3923F800D06B61 /* model */,
				B2C944141C3923F800D06B61 /* view */,
				B2C944151C3923F800D06B61 /* controller */,
				B2C943DF1C38C60A00D06B61 /* AppDelegate.h */,
				B2C943E01C38C60A00D06B61 /* AppDelegate.m */,
				B2C943E51C38C60A00D06B61 /* Main.storyboard */,
				B2C943EB1C38C60A00D06B61 /* Assets.xcassets */,
				B2C943ED1C38C60A00D06B61 /* LaunchScreen.storyboard */,
				B2C943F01C38C60A00D06B61 /* Info.plist */,
				B2C943E81C38C60A00D06B61 /* stockFront.xcdatamodeld */,
				B2C943DC1C38C60A00D06B61 /* Supporting Files */,
			);
			path = stockFront;
			sourceTree = "<group>";
		};
		B2C943DC1C38C60A00D06B61 /* Supporting Files */ = {
			isa = PBXGroup;
			children = (
				B2C943DD1C38C60A00D06B61 /* main.m */,
				B2C9441A1C39294800D06B61 /* InfoPlist.strings */,
			);
			name = "Supporting Files";
			sourceTree = "<group>";
		};
		B2C943F81C38C60A00D06B61 /* stockFrontTests */ = {
			isa = PBXGroup;
			children = (
				B2C943F91C38C60A00D06B61 /* stockFrontTests.m */,
				B2C943FB1C38C60A00D06B61 /* Info.plist */,
			);
			path = stockFrontTests;
			sourceTree = "<group>";
		};
		B2C944031C38C60A00D06B61 /* stockFrontUITests */ = {
			isa = PBXGroup;
			children = (
				B2C944041C38C60A00D06B61 /* stockFrontUITests.m */,
				B2C944061C38C60A00D06B61 /* Info.plist */,
			);
			path = stockFrontUITests;
			sourceTree = "<group>";
		};
		B2C944121C3923F800D06B61 /* utility */ = {
			isa = PBXGroup;
			children = (
				B2C944161C39243E00D06B61 /* macro.h */,
				B2C944391C3A9E7500D06B61 /* config.geojson */,
				B2C944761C462C3D00D06B61 /* LocDatabase.h */,
				B2C944771C462C3D00D06B61 /* LocDatabase.m */,
				B2C9443A1C3A9E7500D06B61 /* ConfigAccess.h */,
				B2C9443B1C3A9E7500D06B61 /* ConfigAccess.m */,
				B2C944381C3A6CEA00D06B61 /* returnCode.h */,
				B2C944351C3A5F3400D06B61 /* Tools.h */,
				B2C944361C3A5F3400D06B61 /* Tools.m */,
				B2C944321C3A565E00D06B61 /* NetworkAPI.h */,
				B2C944331C3A565E00D06B61 /* NetworkAPI.m */,
			);
			path = utility;
			sourceTree = "<group>";
		};
		B2C944131C3923F800D06B61 /* model */ = {
			isa = PBXGroup;
			children = (
				B2C9447F1C48D1E500D06B61 /* StockLookInfoModel.h */,
				B2C944801C48D1E500D06B61 /* StockLookInfoModel.m */,
				B2C944631C4542E700D06B61 /* StockInfoModel.h */,
				B2C944641C4542E700D06B61 /* StockInfoModel.m */,
				B2C9442D1C395C2000D06B61 /* UserInfoModel.h */,
				B2C9442E1C395C2000D06B61 /* UserInfoModel.m */,
			);
			path = model;
			sourceTree = "<group>";
		};
		B2C944141C3923F800D06B61 /* view */ = {
			isa = PBXGroup;
			children = (
				B230C5BF1C50832F00D7D028 /* StockActionTableViewCell.h */,
				B230C5C01C50832F00D7D028 /* StockActionTableViewCell.m */,
				B2C944821C48DCAD00D06B61 /* FaceCellViewTableViewCell.h */,
				B2C944831C48DCAD00D06B61 /* FaceCellViewTableViewCell.m */,
				B2C944231C3947A900D06B61 /* RegisterCellViewTableViewCell.h */,
				B2C944241C3947A900D06B61 /* RegisterCellViewTableViewCell.m */,
			);
			path = view;
			sourceTree = "<group>";
		};
		B2C944151C3923F800D06B61 /* controller */ = {
			isa = PBXGroup;
			children = (
				B230C5C51C50D3B500D7D028 /* FaceImageViewController.h */,
				B230C5C61C50D3B500D7D028 /* FaceImageViewController.m */,
				B2C944601C4379D500D06B61 /* StockSearchTableViewCtrl.h */,
				B2C944611C4379D500D06B61 /* StockSearchTableViewCtrl.m */,
				B2C944581C3B6C6E00D06B61 /* SettingCtrl.h */,
				B2C944591C3B6C6E00D06B61 /* SettingCtrl.m */,
				B2C944521C3B6BC200D06B61 /* stockAction.h */,
				B2C944531C3B6BC200D06B61 /* stockAction.m */,
				B2C9444F1C3B6B9000D06B61 /* RankAction.h */,
				B2C944501C3B6B9000D06B61 /* RankAction.m */,
				B2C9444C1C3B6A6F00D06B61 /* FollowAction.h */,
				B2C9444D1C3B6A6F00D06B61 /* FollowAction.m */,
				B2C944461C3B67E400D06B61 /* TabBarViewController.h */,
				B2C944471C3B67E400D06B61 /* TabBarViewController.m */,
				B2C944491C3B69C300D06B61 /* ComTableViewCtrl.h */,
				B2C9444A1C3B69C300D06B61 /* ComTableViewCtrl.m */,
				B2C9442A1C395BAB00D06B61 /* RegisterNickNameViewController.h */,
				B2C9442B1C395BAB00D06B61 /* RegisterNickNameViewController.m */,
				B2C9443E1C3AAAA000D06B61 /* RegisterPhoneNumViewController.h */,
				B2C9443F1C3AAAA000D06B61 /* RegisterPhoneNumViewController.m */,
				B2C9441C1C39344D00D06B61 /* loginViewCtrl.h */,
				B2C9441D1C39344D00D06B61 /* loginViewCtrl.m */,
				B2C944411C3AB74C00D06B61 /* RegisterConfirmViewController.h */,
				B2C944421C3AB74C00D06B61 /* RegisterConfirmViewController.m */,
				B2C944171C3924CC00D06B61 /* startViewCtrl.h */,
				B2C944181C3924CC00D06B61 /* startViewCtrl.m */,
			);
			path = controller;
			sourceTree = "<group>";
		};
		B2C944221C39411000D06B61 /* icon */ = {
			isa = PBXGroup;
			children = (
				B2C944261C39492100D06B61 /* cellphone64px.png */,
				B2C944851C48F31200D06B61 /* man-noname.png */,
				B2C944441C3AC2A700D06B61 /* earth64px.png */,
				B2C944301C395D0D00D06B61 /* nickname64px.png */,
				B2C944271C39492100D06B61 /* password64px.png */,
			);
			name = icon;
			path = utility/icon;
			sourceTree = "<group>";
		};
		B2C9446F1C462B7900D06B61 /* coreModel */ = {
			isa = PBXGroup;
			children = (
				B2C944791C47A07A00D06B61 /* LookStock+CoreDataProperties.h */,
				B2C9447A1C47A07A00D06B61 /* LookStock+CoreDataProperties.m */,
				B2C9447B1C47A07A00D06B61 /* LookStock.h */,
				B2C9447C1C47A07A00D06B61 /* LookStock.m */,
				B2C944701C462B9400D06B61 /* MyStock+CoreDataProperties.h */,
				B2C944711C462B9400D06B61 /* MyStock+CoreDataProperties.m */,
				B2C944721C462B9400D06B61 /* MyStock.h */,
				B2C944731C462B9400D06B61 /* MyStock.m */,
			);
			path = coreModel;
			sourceTree = "<group>";
		};
/* End PBXGroup section */

/* Begin PBXNativeTarget section */
		B2C943D81C38C60900D06B61 /* stockFront */ = {
			isa = PBXNativeTarget;
			buildConfigurationList = B2C944091C38C60A00D06B61 /* Build configuration list for PBXNativeTarget "stockFront" */;
			buildPhases = (
				D9B59306A84C55492FCE36B6 /* Check Pods Manifest.lock */,
				B2C943D51C38C60900D06B61 /* Sources */,
				B2C943D61C38C60900D06B61 /* Frameworks */,
				B2C943D71C38C60900D06B61 /* Resources */,
				C6ABD57B9AE6DD08EF35C5C2 /* Copy Pods Resources */,
			);
			buildRules = (
			);
			dependencies = (
			);
			name = stockFront;
			productName = stockFront;
			productReference = B2C943D91C38C60A00D06B61 /* stockFront.app */;
			productType = "com.apple.product-type.application";
		};
		B2C943F41C38C60A00D06B61 /* stockFrontTests */ = {
			isa = PBXNativeTarget;
			buildConfigurationList = B2C9440C1C38C60A00D06B61 /* Build configuration list for PBXNativeTarget "stockFrontTests" */;
			buildPhases = (
				B2C943F11C38C60A00D06B61 /* Sources */,
				B2C943F21C38C60A00D06B61 /* Frameworks */,
				B2C943F31C38C60A00D06B61 /* Resources */,
			);
			buildRules = (
			);
			dependencies = (
				B2C943F71C38C60A00D06B61 /* PBXTargetDependency */,
			);
			name = stockFrontTests;
			productName = stockFrontTests;
			productReference = B2C943F51C38C60A00D06B61 /* stockFrontTests.xctest */;
			productType = "com.apple.product-type.bundle.unit-test";
		};
		B2C943FF1C38C60A00D06B61 /* stockFrontUITests */ = {
			isa = PBXNativeTarget;
			buildConfigurationList = B2C9440F1C38C60A00D06B61 /* Build configuration list for PBXNativeTarget "stockFrontUITests" */;
			buildPhases = (
				B2C943FC1C38C60A00D06B61 /* Sources */,
				B2C943FD1C38C60A00D06B61 /* Frameworks */,
				B2C943FE1C38C60A00D06B61 /* Resources */,
			);
			buildRules = (
			);
			dependencies = (
				B2C944021C38C60A00D06B61 /* PBXTargetDependency */,
			);
			name = stockFrontUITests;
			productName = stockFrontUITests;
			productReference = B2C944001C38C60A00D06B61 /* stockFrontUITests.xctest */;
			productType = "com.apple.product-type.bundle.ui-testing";
		};
/* End PBXNativeTarget section */

/* Begin PBXProject section */
		B2C943D11C38C60900D06B61 /* Project object */ = {
			isa = PBXProject;
			attributes = {
				LastUpgradeCheck = 0720;
				ORGANIZATIONNAME = "jam wang";
				TargetAttributes = {
					B2C943D81C38C60900D06B61 = {
						CreatedOnToolsVersion = 7.2;
					};
					B2C943F41C38C60A00D06B61 = {
						CreatedOnToolsVersion = 7.2;
						TestTargetID = B2C943D81C38C60900D06B61;
					};
					B2C943FF1C38C60A00D06B61 = {
						CreatedOnToolsVersion = 7.2;
						TestTargetID = B2C943D81C38C60900D06B61;
					};
				};
			};
			buildConfigurationList = B2C943D41C38C60900D06B61 /* Build configuration list for PBXProject "stockFront" */;
			compatibilityVersion = "Xcode 3.2";
			developmentRegion = English;
			hasScannedForEncodings = 0;
			knownRegions = (
				en,
				Base,
			);
			mainGroup = B2C943D01C38C60900D06B61;
			productRefGroup = B2C943DA1C38C60A00D06B61 /* Products */;
			projectDirPath = "";
			projectRoot = "";
			targets = (
				B2C943D81C38C60900D06B61 /* stockFront */,
				B2C943F41C38C60A00D06B61 /* stockFrontTests */,
				B2C943FF1C38C60A00D06B61 /* stockFrontUITests */,
			);
		};
/* End PBXProject section */

/* Begin PBXResourcesBuildPhase section */
		B2C943D71C38C60900D06B61 /* Resources */ = {
			isa = PBXResourcesBuildPhase;
			buildActionMask = 2147483647;
			files = (
				B2C944311C395D0D00D06B61 /* nickname64px.png in Resources */,
				B2C943EF1C38C60A00D06B61 /* LaunchScreen.storyboard in Resources */,
				B2C9441B1C39294800D06B61 /* InfoPlist.strings in Resources */,
				B2C944291C39492100D06B61 /* password64px.png in Resources */,
				B2C944281C39492100D06B61 /* cellphone64px.png in Resources */,
				B2C943EC1C38C60A00D06B61 /* Assets.xcassets in Resources */,
				B2C943E71C38C60A00D06B61 /* Main.storyboard in Resources */,
				B2C944451C3AC2A700D06B61 /* earth64px.png in Resources */,
				B2C944861C48F31200D06B61 /* man-noname.png in Resources */,
				B2C9443C1C3A9E7500D06B61 /* config.geojson in Resources */,
			);
			runOnlyForDeploymentPostprocessing = 0;
		};
		B2C943F31C38C60A00D06B61 /* Resources */ = {
			isa = PBXResourcesBuildPhase;
			buildActionMask = 2147483647;
			files = (
			);
			runOnlyForDeploymentPostprocessing = 0;
		};
		B2C943FE1C38C60A00D06B61 /* Resources */ = {
			isa = PBXResourcesBuildPhase;
			buildActionMask = 2147483647;
			files = (
			);
			runOnlyForDeploymentPostprocessing = 0;
		};
/* End PBXResourcesBuildPhase section */

/* Begin PBXShellScriptBuildPhase section */
		C6ABD57B9AE6DD08EF35C5C2 /* Copy Pods Resources */ = {
			isa = PBXShellScriptBuildPhase;
			buildActionMask = 2147483647;
			files = (
			);
			inputPaths = (
			);
			name = "Copy Pods Resources";
			outputPaths = (
			);
			runOnlyForDeploymentPostprocessing = 0;
			shellPath = /bin/sh;
			shellScript = "\"${SRCROOT}/Pods/Target Support Files/Pods/Pods-resources.sh\"\n";
			showEnvVarsInLog = 0;
		};
		D9B59306A84C55492FCE36B6 /* Check Pods Manifest.lock */ = {
			isa = PBXShellScriptBuildPhase;
			buildActionMask = 2147483647;
			files = (
			);
			inputPaths = (
			);
			name = "Check Pods Manifest.lock";
			outputPaths = (
			);
			runOnlyForDeploymentPostprocessing = 0;
			shellPath = /bin/sh;
			shellScript = "diff \"${PODS_ROOT}/../Podfile.lock\" \"${PODS_ROOT}/Manifest.lock\" > /dev/null\nif [[ $? != 0 ]] ; then\n    cat << EOM\nerror: The sandbox is not in sync with the Podfile.lock. Run 'pod install' or update your CocoaPods installation.\nEOM\n    exit 1\nfi\n";
			showEnvVarsInLog = 0;
		};
/* End PBXShellScriptBuildPhase section */

/* Begin PBXSourcesBuildPhase section */
		B2C943D51C38C60900D06B61 /* Sources */ = {
			isa = PBXSourcesBuildPhase;
			buildActionMask = 2147483647;
			files = (
				B2C944541C3B6BC200D06B61 /* stockAction.m in Sources */,
				B2C943EA1C38C60A00D06B61 /* stockFront.xcdatamodeld in Sources */,
				B2C944781C462C3D00D06B61 /* LocDatabase.m in Sources */,
				B2C944371C3A5F3400D06B61 /* Tools.m in Sources */,
				B230C5C11C50832F00D7D028 /* StockActionTableViewCell.m in Sources */,
				B2C944481C3B67E400D06B61 /* TabBarViewController.m in Sources */,
				B2C944401C3AAAA000D06B61 /* RegisterPhoneNumViewController.m in Sources */,
				B2C9447E1C47A07A00D06B61 /* LookStock.m in Sources */,
				B2C9445A1C3B6C6E00D06B61 /* SettingCtrl.m in Sources */,
				B2C944751C462B9400D06B61 /* MyStock.m in Sources */,
				B2C944251C3947A900D06B61 /* RegisterCellViewTableViewCell.m in Sources */,
				B2C9442C1C395BAB00D06B61 /* RegisterNickNameViewController.m in Sources */,
				B2C944841C48DCAE00D06B61 /* FaceCellViewTableViewCell.m in Sources */,
				B2C944651C4542E700D06B61 /* StockInfoModel.m in Sources */,
				B2C944681C462A5500D06B61 /* Model.xcdatamodeld in Sources */,
				B230C5C71C50D3B500D7D028 /* FaceImageViewController.m in Sources */,
				B2C944811C48D1E600D06B61 /* StockLookInfoModel.m in Sources */,
				B2C9441E1C39344D00D06B61 /* loginViewCtrl.m in Sources */,
				B2C943E11C38C60A00D06B61 /* AppDelegate.m in Sources */,
				B2C944511C3B6B9000D06B61 /* RankAction.m in Sources */,
				B2C944431C3AB74C00D06B61 /* RegisterConfirmViewController.m in Sources */,
				B2C9444B1C3B69C300D06B61 /* ComTableViewCtrl.m in Sources */,
				B2C9447D1C47A07A00D06B61 /* LookStock+CoreDataProperties.m in Sources */,
				B2C9444E1C3B6A6F00D06B61 /* FollowAction.m in Sources */,
				B2C944191C3924CC00D06B61 /* startViewCtrl.m in Sources */,
				B2C944621C4379D500D06B61 /* StockSearchTableViewCtrl.m in Sources */,
				B2C9443D1C3A9E7500D06B61 /* ConfigAccess.m in Sources */,
				B2C944741C462B9400D06B61 /* MyStock+CoreDataProperties.m in Sources */,
				B2C9442F1C395C2000D06B61 /* UserInfoModel.m in Sources */,
				B2C943DE1C38C60A00D06B61 /* main.m in Sources */,
				B2C944341C3A565E00D06B61 /* NetworkAPI.m in Sources */,
			);
			runOnlyForDeploymentPostprocessing = 0;
		};
		B2C943F11C38C60A00D06B61 /* Sources */ = {
			isa = PBXSourcesBuildPhase;
			buildActionMask = 2147483647;
			files = (
				B2C943FA1C38C60A00D06B61 /* stockFrontTests.m in Sources */,
			);
			runOnlyForDeploymentPostprocessing = 0;
		};
		B2C943FC1C38C60A00D06B61 /* Sources */ = {
			isa = PBXSourcesBuildPhase;
			buildActionMask = 2147483647;
			files = (
				B2C944051C38C60A00D06B61 /* stockFrontUITests.m in Sources */,
			);
			runOnlyForDeploymentPostprocessing = 0;
		};
/* End PBXSourcesBuildPhase section */

/* Begin PBXTargetDependency section */
		B2C943F71C38C60A00D06B61 /* PBXTargetDependency */ = {
			isa = PBXTargetDependency;
			target = B2C943D81C38C60900D06B61 /* stockFront */;
			targetProxy = B2C943F61C38C60A00D06B61 /* PBXContainerItemProxy */;
		};
		B2C944021C38C60A00D06B61 /* PBXTargetDependency */ = {
			isa = PBXTargetDependency;
			target = B2C943D81C38C60900D06B61 /* stockFront */;
			targetProxy = B2C944011C38C60A00D06B61 /* PBXContainerItemProxy */;
		};
/* End PBXTargetDependency section */

/* Begin PBXVariantGroup section */
		B2C943E51C38C60A00D06B61 /* Main.storyboard */ = {
			isa = PBXVariantGroup;
			children = (
				B2C943E61C38C60A00D06B61 /* Base */,
			);
			name = Main.storyboard;
			sourceTree = "<group>";
		};
		B2C943ED1C38C60A00D06B61 /* LaunchScreen.storyboard */ = {
			isa = PBXVariantGroup;
			children = (
				B2C943EE1C38C60A00D06B61 /* Base */,
			);
			name = LaunchScreen.storyboard;
			sourceTree = "<group>";
		};
/* End PBXVariantGroup section */

/* Begin XCBuildConfiguration section */
		B2C944071C38C60A00D06B61 /* Debug */ = {
			isa = XCBuildConfiguration;
			buildSettings = {
				ALWAYS_SEARCH_USER_PATHS = NO;
				CLANG_CXX_LANGUAGE_STANDARD = "gnu++0x";
				CLANG_CXX_LIBRARY = "libc++";
				CLANG_ENABLE_MODULES = YES;
				CLANG_ENABLE_OBJC_ARC = YES;
				CLANG_WARN_BOOL_CONVERSION = YES;
				CLANG_WARN_CONSTANT_CONVERSION = YES;
				CLANG_WARN_DIRECT_OBJC_ISA_USAGE = YES_ERROR;
				CLANG_WARN_EMPTY_BODY = YES;
				CLANG_WARN_ENUM_CONVERSION = YES;
				CLANG_WARN_INT_CONVERSION = YES;
				CLANG_WARN_OBJC_ROOT_CLASS = YES_ERROR;
				CLANG_WARN_UNREACHABLE_CODE = YES;
				CLANG_WARN__DUPLICATE_METHOD_MATCH = YES;
				"CODE_SIGN_IDENTITY[sdk=iphoneos*]" = "iPhone Developer";
				COPY_PHASE_STRIP = NO;
				DEBUG_INFORMATION_FORMAT = dwarf;
				ENABLE_STRICT_OBJC_MSGSEND = YES;
				ENABLE_TESTABILITY = YES;
				GCC_C_LANGUAGE_STANDARD = gnu99;
				GCC_DYNAMIC_NO_PIC = NO;
				GCC_NO_COMMON_BLOCKS = YES;
				GCC_OPTIMIZATION_LEVEL = 0;
				GCC_PREPROCESSOR_DEFINITIONS = (
					"DEBUG=1",
					"$(inherited)",
				);
				GCC_WARN_64_TO_32_BIT_CONVERSION = YES;
				GCC_WARN_ABOUT_RETURN_TYPE = YES_ERROR;
				GCC_WARN_UNDECLARED_SELECTOR = YES;
				GCC_WARN_UNINITIALIZED_AUTOS = YES_AGGRESSIVE;
				GCC_WARN_UNUSED_FUNCTION = YES;
				GCC_WARN_UNUSED_VARIABLE = YES;
				IPHONEOS_DEPLOYMENT_TARGET = 9.2;
				MTL_ENABLE_DEBUG_INFO = YES;
				ONLY_ACTIVE_ARCH = YES;
				SDKROOT = iphoneos;
			};
			name = Debug;
		};
		B2C944081C38C60A00D06B61 /* Release */ = {
			isa = XCBuildConfiguration;
			buildSettings = {
				ALWAYS_SEARCH_USER_PATHS = NO;
				CLANG_CXX_LANGUAGE_STANDARD = "gnu++0x";
				CLANG_CXX_LIBRARY = "libc++";
				CLANG_ENABLE_MODULES = YES;
				CLANG_ENABLE_OBJC_ARC = YES;
				CLANG_WARN_BOOL_CONVERSION = YES;
				CLANG_WARN_CONSTANT_CONVERSION = YES;
				CLANG_WARN_DIRECT_OBJC_ISA_USAGE = YES_ERROR;
				CLANG_WARN_EMPTY_BODY = YES;
				CLANG_WARN_ENUM_CONVERSION = YES;
				CLANG_WARN_INT_CONVERSION = YES;
				CLANG_WARN_OBJC_ROOT_CLASS = YES_ERROR;
				CLANG_WARN_UNREACHABLE_CODE = YES;
				CLANG_WARN__DUPLICATE_METHOD_MATCH = YES;
				"CODE_SIGN_IDENTITY[sdk=iphoneos*]" = "iPhone Developer";
				COPY_PHASE_STRIP = NO;
				DEBUG_INFORMATION_FORMAT = "dwarf-with-dsym";
				ENABLE_NS_ASSERTIONS = NO;
				ENABLE_STRICT_OBJC_MSGSEND = YES;
				GCC_C_LANGUAGE_STANDARD = gnu99;
				GCC_NO_COMMON_BLOCKS = YES;
				GCC_WARN_64_TO_32_BIT_CONVERSION = YES;
				GCC_WARN_ABOUT_RETURN_TYPE = YES_ERROR;
				GCC_WARN_UNDECLARED_SELECTOR = YES;
				GCC_WARN_UNINITIALIZED_AUTOS = YES_AGGRESSIVE;
				GCC_WARN_UNUSED_FUNCTION = YES;
				GCC_WARN_UNUSED_VARIABLE = YES;
				IPHONEOS_DEPLOYMENT_TARGET = 9.2;
				MTL_ENABLE_DEBUG_INFO = NO;
				SDKROOT = iphoneos;
				VALIDATE_PRODUCT = YES;
			};
			name = Release;
		};
		B2C9440A1C38C60A00D06B61 /* Debug */ = {
			isa = XCBuildConfiguration;
			baseConfigurationReference = 940EDF59D7445434D26F86C4 /* Pods.debug.xcconfig */;
			buildSettings = {
				ASSETCATALOG_COMPILER_APPICON_NAME = AppIcon;
				INFOPLIST_FILE = stockFront/Info.plist;
				LD_RUNPATH_SEARCH_PATHS = "$(inherited) @executable_path/Frameworks";
				PRODUCT_BUNDLE_IDENTIFIER = com.jam.stockFront;
				PRODUCT_NAME = "$(TARGET_NAME)";
			};
			name = Debug;
		};
		B2C9440B1C38C60A00D06B61 /* Release */ = {
			isa = XCBuildConfiguration;
			baseConfigurationReference = 30A7EB2A82030C6A51FE207F /* Pods.release.xcconfig */;
			buildSettings = {
				ASSETCATALOG_COMPILER_APPICON_NAME = AppIcon;
				INFOPLIST_FILE = stockFront/Info.plist;
				LD_RUNPATH_SEARCH_PATHS = "$(inherited) @executable_path/Frameworks";
				PRODUCT_BUNDLE_IDENTIFIER = com.jam.stockFront;
				PRODUCT_NAME = "$(TARGET_NAME)";
			};
			name = Release;
		};
		B2C9440D1C38C60A00D06B61 /* Debug */ = {
			isa = XCBuildConfiguration;
			buildSettings = {
				BUNDLE_LOADER = "$(TEST_HOST)";
				INFOPLIST_FILE = stockFrontTests/Info.plist;
				LD_RUNPATH_SEARCH_PATHS = "$(inherited) @executable_path/Frameworks @loader_path/Frameworks";
				PRODUCT_BUNDLE_IDENTIFIER = com.jam.stockFrontTests;
				PRODUCT_NAME = "$(TARGET_NAME)";
				TEST_HOST = "$(BUILT_PRODUCTS_DIR)/stockFront.app/stockFront";
			};
			name = Debug;
		};
		B2C9440E1C38C60A00D06B61 /* Release */ = {
			isa = XCBuildConfiguration;
			buildSettings = {
				BUNDLE_LOADER = "$(TEST_HOST)";
				INFOPLIST_FILE = stockFrontTests/Info.plist;
				LD_RUNPATH_SEARCH_PATHS = "$(inherited) @executable_path/Frameworks @loader_path/Frameworks";
				PRODUCT_BUNDLE_IDENTIFIER = com.jam.stockFrontTests;
				PRODUCT_NAME = "$(TARGET_NAME)";
				TEST_HOST = "$(BUILT_PRODUCTS_DIR)/stockFront.app/stockFront";
			};
			name = Release;
		};
		B2C944101C38C60A00D06B61 /* Debug */ = {
			isa = XCBuildConfiguration;
			buildSettings = {
				INFOPLIST_FILE = stockFrontUITests/Info.plist;
				LD_RUNPATH_SEARCH_PATHS = "$(inherited) @executable_path/Frameworks @loader_path/Frameworks";
				PRODUCT_BUNDLE_IDENTIFIER = com.jam.stockFrontUITests;
				PRODUCT_NAME = "$(TARGET_NAME)";
				TEST_TARGET_NAME = stockFront;
				USES_XCTRUNNER = YES;
			};
			name = Debug;
		};
		B2C944111C38C60A00D06B61 /* Release */ = {
			isa = XCBuildConfiguration;
			buildSettings = {
				INFOPLIST_FILE = stockFrontUITests/Info.plist;
				LD_RUNPATH_SEARCH_PATHS = "$(inherited) @executable_path/Frameworks @loader_path/Frameworks";
				PRODUCT_BUNDLE_IDENTIFIER = com.jam.stockFrontUITests;
				PRODUCT_NAME = "$(TARGET_NAME)";
				TEST_TARGET_NAME = stockFront;
				USES_XCTRUNNER = YES;
			};
			name = Release;
		};
/* End XCBuildConfiguration section */

/* Begin XCConfigurationList section */
		B2C943D41C38C60900D06B61 /* Build configuration list for PBXProject "stockFront" */ = {
			isa = XCConfigurationList;
			buildConfigurations = (
				B2C944071C38C60A00D06B61 /* Debug */,
				B2C944081C38C60A00D06B61 /* Release */,
			);
			defaultConfigurationIsVisible = 0;
			defaultConfigurationName = Release;
		};
		B2C944091C38C60A00D06B61 /* Build configuration list for PBXNativeTarget "stockFront" */ = {
			isa = XCConfigurationList;
			buildConfigurations = (
				B2C9440A1C38C60A00D06B61 /* Debug */,
				B2C9440B1C38C60A00D06B61 /* Release */,
			);
			defaultConfigurationIsVisible = 0;
			defaultConfigurationName = Release;
		};
		B2C9440C1C38C60A00D06B61 /* Build configuration list for PBXNativeTarget "stockFrontTests" */ = {
			isa = XCConfigurationList;
			buildConfigurations = (
				B2C9440D1C38C60A00D06B61 /* Debug */,
				B2C9440E1C38C60A00D06B61 /* Release */,
			);
			defaultConfigurationIsVisible = 0;
			defaultConfigurationName = Release;
		};
		B2C9440F1C38C60A00D06B61 /* Build configuration list for PBXNativeTarget "stockFrontUITests" */ = {
			isa = XCConfigurationList;
			buildConfigurations = (
				B2C944101C38C60A00D06B61 /* Debug */,
				B2C944111C38C60A00D06B61 /* Release */,
			);
			defaultConfigurationIsVisible = 0;
			defaultConfigurationName = Release;
		};
/* End XCConfigurationList section */

/* Begin XCVersionGroup section */
		B2C943E81C38C60A00D06B61 /* stockFront.xcdatamodeld */ = {
			isa = XCVersionGroup;
			children = (
				B2C943E91C38C60A00D06B61 /* stockFront.xcdatamodel */,
			);
			currentVersion = B2C943E91C38C60A00D06B61 /* stockFront.xcdatamodel */;
			path = stockFront.xcdatamodeld;
			sourceTree = "<group>";
			versionGroupType = wrapper.xcdatamodel;
		};
		B2C944661C462A5500D06B61 /* Model.xcdatamodeld */ = {
			isa = XCVersionGroup;
			children = (
				B2C944671C462A5500D06B61 /* Model.xcdatamodel */,
			);
			currentVersion = B2C944671C462A5500D06B61 /* Model.xcdatamodel */;
			path = Model.xcdatamodeld;
			sourceTree = "<group>";
			versionGroupType = wrapper.xcdatamodel;
		};
/* End XCVersionGroup section */
	};
	rootObject = B2C943D11C38C60900D06B61 /* Project object */;
}
